// !$*UTF8*$!
{
	archiveVersion = 1;
	classes = {
	};
	objectVersion = 56;
	objects = {

/* Begin PBXBuildFile section */
		EE64D2562BC866580077FAF6 /* Big_WinApp.swift in Sources */ = {isa = PBXBuildFile; fileRef = EE64D2552BC866580077FAF6 /* Big_WinApp.swift */; };
		EE64D2582BC866580077FAF6 /* ContentView.swift in Sources */ = {isa = PBXBuildFile; fileRef = EE64D2572BC866580077FAF6 /* ContentView.swift */; };
		EE64D25A2BC8665B0077FAF6 /* Assets.xcassets in Resources */ = {isa = PBXBuildFile; fileRef = EE64D2592BC8665B0077FAF6 /* Assets.xcassets */; };
		EE64D25D2BC8665B0077FAF6 /* Preview Assets.xcassets in Resources */ = {isa = PBXBuildFile; fileRef = EE64D25C2BC8665B0077FAF6 /* Preview Assets.xcassets */; };
		EE64D2672BC866D30077FAF6 /* Game3Scene.swift in Sources */ = {isa = PBXBuildFile; fileRef = EE64D2662BC866D30077FAF6 /* Game3Scene.swift */; };
		EE64D26B2BC86F5F0077FAF6 /* Game3View.swift in Sources */ = {isa = PBXBuildFile; fileRef = EE64D26A2BC86F5F0077FAF6 /* Game3View.swift */; };
		EE64D26D2BC881A90077FAF6 /* lemonado.ttf in Resources */ = {isa = PBXBuildFile; fileRef = EE64D26C2BC881A90077FAF6 /* lemonado.ttf */; };
		EE64D2702BC930260077FAF6 /* GameWinView.swift in Sources */ = {isa = PBXBuildFile; fileRef = EE64D26F2BC930260077FAF6 /* GameWinView.swift */; };
		EE64D2722BC931D80077FAF6 /* GameLoseView.swift in Sources */ = {isa = PBXBuildFile; fileRef = EE64D2712BC931D80077FAF6 /* GameLoseView.swift */; };
		EE64D2752BC9340F0077FAF6 /* GamesMenu.swift in Sources */ = {isa = PBXBuildFile; fileRef = EE64D2742BC9340F0077FAF6 /* GamesMenu.swift */; };
		EE64D2782BC9367F0077FAF6 /* Game1View.swift in Sources */ = {isa = PBXBuildFile; fileRef = EE64D2772BC9367F0077FAF6 /* Game1View.swift */; };
		EE64D27B2BC9369C0077FAF6 /* BonusGameView.swift in Sources */ = {isa = PBXBuildFile; fileRef = EE64D27A2BC9369C0077FAF6 /* BonusGameView.swift */; };
		EE64D27D2BC94A270077FAF6 /* Game1Scene.swift in Sources */ = {isa = PBXBuildFile; fileRef = EE64D27C2BC94A270077FAF6 /* Game1Scene.swift */; };
		EEE619382BD12E3E00D0FC9C /* Game2Scene.swift in Sources */ = {isa = PBXBuildFile; fileRef = EEE619372BD12E3E00D0FC9C /* Game2Scene.swift */; };
		EEE6193B2BD13E2300D0FC9C /* SplashView.swift in Sources */ = {isa = PBXBuildFile; fileRef = EEE6193A2BD13E2300D0FC9C /* SplashView.swift */; };
		EEE6193E2BD1409A00D0FC9C /* InfoGamesView.swift in Sources */ = {isa = PBXBuildFile; fileRef = EEE6193D2BD1409A00D0FC9C /* InfoGamesView.swift */; };
		EEE619402BD14F3500D0FC9C /* InfoRulesData.swift in Sources */ = {isa = PBXBuildFile; fileRef = EEE6193F2BD14F3500D0FC9C /* InfoRulesData.swift */; };
		EEE619432BD15D8A00D0FC9C /* Game2View.swift in Sources */ = {isa = PBXBuildFile; fileRef = EEE619422BD15D8A00D0FC9C /* Game2View.swift */; };
		EEE619462BD15F3D00D0FC9C /* AppsFlyerLib in Frameworks */ = {isa = PBXBuildFile; productRef = EEE619452BD15F3D00D0FC9C /* AppsFlyerLib */; };
		EEE619492BD15F4800D0FC9C /* SwiftyJSON in Frameworks */ = {isa = PBXBuildFile; productRef = EEE619482BD15F4800D0FC9C /* SwiftyJSON */; };
		EEE6194C2BD15F5400D0FC9C /* OneSignal in Frameworks */ = {isa = PBXBuildFile; productRef = EEE6194B2BD15F5400D0FC9C /* OneSignal */; };
		EEE619552BD15F7800D0FC9C /* FacebookCore in Frameworks */ = {isa = PBXBuildFile; productRef = EEE619542BD15F7800D0FC9C /* FacebookCore */; };
		EEE6195B2BD1641700D0FC9C /* GamesMenuN.swift in Sources */ = {isa = PBXBuildFile; fileRef = EEE6195A2BD1641700D0FC9C /* GamesMenuN.swift */; };
/* End PBXBuildFile section */

/* Begin PBXFileReference section */
		EE64D2522BC866580077FAF6 /* Big Win.app */ = {isa = PBXFileReference; explicitFileType = wrapper.application; includeInIndex = 0; path = "Big Win.app"; sourceTree = BUILT_PRODUCTS_DIR; };
		EE64D2552BC866580077FAF6 /* Big_WinApp.swift */ = {isa = PBXFileReference; lastKnownFileType = sourcecode.swift; path = Big_WinApp.swift; sourceTree = "<group>"; };
		EE64D2572BC866580077FAF6 /* ContentView.swift */ = {isa = PBXFileReference; lastKnownFileType = sourcecode.swift; path = ContentView.swift; sourceTree = "<group>"; };
		EE64D2592BC8665B0077FAF6 /* Assets.xcassets */ = {isa = PBXFileReference; lastKnownFileType = folder.assetcatalog; path = Assets.xcassets; sourceTree = "<group>"; };
		EE64D25C2BC8665B0077FAF6 /* Preview Assets.xcassets */ = {isa = PBXFileReference; lastKnownFileType = folder.assetcatalog; path = "Preview Assets.xcassets"; sourceTree = "<group>"; };
		EE64D2662BC866D30077FAF6 /* Game3Scene.swift */ = {isa = PBXFileReference; lastKnownFileType = sourcecode.swift; path = Game3Scene.swift; sourceTree = "<group>"; };
		EE64D26A2BC86F5F0077FAF6 /* Game3View.swift */ = {isa = PBXFileReference; lastKnownFileType = sourcecode.swift; path = Game3View.swift; sourceTree = "<group>"; };
		EE64D26C2BC881A90077FAF6 /* lemonado.ttf */ = {isa = PBXFileReference; lastKnownFileType = file; path = lemonado.ttf; sourceTree = "<group>"; };
		EE64D26E2BC881ED0077FAF6 /* Big-Win-Info.plist */ = {isa = PBXFileReference; lastKnownFileType = text.plist; path = "Big-Win-Info.plist"; sourceTree = SOURCE_ROOT; };
		EE64D26F2BC930260077FAF6 /* GameWinView.swift */ = {isa = PBXFileReference; lastKnownFileType = sourcecode.swift; path = GameWinView.swift; sourceTree = "<group>"; };
		EE64D2712BC931D80077FAF6 /* GameLoseView.swift */ = {isa = PBXFileReference; lastKnownFileType = sourcecode.swift; path = GameLoseView.swift; sourceTree = "<group>"; };
		EE64D2742BC9340F0077FAF6 /* GamesMenu.swift */ = {isa = PBXFileReference; lastKnownFileType = sourcecode.swift; path = GamesMenu.swift; sourceTree = "<group>"; };
		EE64D2772BC9367F0077FAF6 /* Game1View.swift */ = {isa = PBXFileReference; lastKnownFileType = sourcecode.swift; path = Game1View.swift; sourceTree = "<group>"; };
		EE64D27A2BC9369C0077FAF6 /* BonusGameView.swift */ = {isa = PBXFileReference; lastKnownFileType = sourcecode.swift; path = BonusGameView.swift; sourceTree = "<group>"; };
		EE64D27C2BC94A270077FAF6 /* Game1Scene.swift */ = {isa = PBXFileReference; lastKnownFileType = sourcecode.swift; path = Game1Scene.swift; sourceTree = "<group>"; };
		EEE619372BD12E3E00D0FC9C /* Game2Scene.swift */ = {isa = PBXFileReference; lastKnownFileType = sourcecode.swift; path = Game2Scene.swift; sourceTree = "<group>"; };
		EEE6193A2BD13E2300D0FC9C /* SplashView.swift */ = {isa = PBXFileReference; lastKnownFileType = sourcecode.swift; path = SplashView.swift; sourceTree = "<group>"; };
		EEE6193D2BD1409A00D0FC9C /* InfoGamesView.swift */ = {isa = PBXFileReference; lastKnownFileType = sourcecode.swift; path = InfoGamesView.swift; sourceTree = "<group>"; };
		EEE6193F2BD14F3500D0FC9C /* InfoRulesData.swift */ = {isa = PBXFileReference; lastKnownFileType = sourcecode.swift; path = InfoRulesData.swift; sourceTree = "<group>"; };
		EEE619422BD15D8A00D0FC9C /* Game2View.swift */ = {isa = PBXFileReference; lastKnownFileType = sourcecode.swift; path = Game2View.swift; sourceTree = "<group>"; };
		EEE6195A2BD1641700D0FC9C /* GamesMenuN.swift */ = {isa = PBXFileReference; lastKnownFileType = sourcecode.swift; path = GamesMenuN.swift; sourceTree = "<group>"; };
/* End PBXFileReference section */

/* Begin PBXFrameworksBuildPhase section */
		EE64D24F2BC866580077FAF6 /* Frameworks */ = {
			isa = PBXFrameworksBuildPhase;
			buildActionMask = 2147483647;
			files = (
				EEE619492BD15F4800D0FC9C /* SwiftyJSON in Frameworks */,
				EEE619552BD15F7800D0FC9C /* FacebookCore in Frameworks */,
				EEE619462BD15F3D00D0FC9C /* AppsFlyerLib in Frameworks */,
				EEE6194C2BD15F5400D0FC9C /* OneSignal in Frameworks */,
			);
			runOnlyForDeploymentPostprocessing = 0;
		};
/* End PBXFrameworksBuildPhase section */

/* Begin PBXGroup section */
		EE64D2492BC866580077FAF6 = {
			isa = PBXGroup;
			children = (
				EE64D2542BC866580077FAF6 /* Big Win */,
				EE64D2532BC866580077FAF6 /* Products */,
			);
			sourceTree = "<group>";
		};
		EE64D2532BC866580077FAF6 /* Products */ = {
			isa = PBXGroup;
			children = (
				EE64D2522BC866580077FAF6 /* Big Win.app */,
			);
			name = Products;
			sourceTree = "<group>";
		};
		EE64D2542BC866580077FAF6 /* Big Win */ = {
			isa = PBXGroup;
			children = (
				EE64D26E2BC881ED0077FAF6 /* Big-Win-Info.plist */,
				EE64D2682BC86F370077FAF6 /* Views */,
				EE64D2632BC866840077FAF6 /* GameScene */,
				EE64D2552BC866580077FAF6 /* Big_WinApp.swift */,
				EE64D2572BC866580077FAF6 /* ContentView.swift */,
				EE64D26C2BC881A90077FAF6 /* lemonado.ttf */,
				EE64D2592BC8665B0077FAF6 /* Assets.xcassets */,
				EE64D25B2BC8665B0077FAF6 /* Preview Content */,
			);
			path = "Big Win";
			sourceTree = "<group>";
		};
		EE64D25B2BC8665B0077FAF6 /* Preview Content */ = {
			isa = PBXGroup;
			children = (
				EE64D25C2BC8665B0077FAF6 /* Preview Assets.xcassets */,
			);
			path = "Preview Content";
			sourceTree = "<group>";
		};
		EE64D2632BC866840077FAF6 /* GameScene */ = {
			isa = PBXGroup;
			children = (
				EE64D2652BC8669E0077FAF6 /* Game */,
				EE64D2642BC866980077FAF6 /* Models */,
			);
			path = GameScene;
			sourceTree = "<group>";
		};
		EE64D2642BC866980077FAF6 /* Models */ = {
			isa = PBXGroup;
			children = (
			);
			path = Models;
			sourceTree = "<group>";
		};
		EE64D2652BC8669E0077FAF6 /* Game */ = {
			isa = PBXGroup;
			children = (
				EE64D2662BC866D30077FAF6 /* Game3Scene.swift */,
				EEE619372BD12E3E00D0FC9C /* Game2Scene.swift */,
			);
			path = Game;
			sourceTree = "<group>";
		};
		EE64D2682BC86F370077FAF6 /* Views */ = {
			isa = PBXGroup;
			children = (
				EEE619412BD15D8000D0FC9C /* Game2 */,
				EEE6193C2BD1408900D0FC9C /* InfoGames */,
				EEE619392BD13E1700D0FC9C /* Splash */,
				EE64D2792BC936920077FAF6 /* BonusGame */,
				EE64D2762BC936700077FAF6 /* Game1 */,
				EE64D2732BC934030077FAF6 /* GamesMenu */,
				EE64D2692BC86F540077FAF6 /* Game3 */,
			);
			path = Views;
			sourceTree = "<group>";
		};
		EE64D2692BC86F540077FAF6 /* Game3 */ = {
			isa = PBXGroup;
			children = (
				EE64D26A2BC86F5F0077FAF6 /* Game3View.swift */,
				EE64D26F2BC930260077FAF6 /* GameWinView.swift */,
				EE64D2712BC931D80077FAF6 /* GameLoseView.swift */,
			);
			path = Game3;
			sourceTree = "<group>";
		};
		EE64D2732BC934030077FAF6 /* GamesMenu */ = {
			isa = PBXGroup;
			children = (
				EE64D2742BC9340F0077FAF6 /* GamesMenu.swift */,
				EEE6195A2BD1641700D0FC9C /* GamesMenuN.swift */,
			);
			path = GamesMenu;
			sourceTree = "<group>";
		};
		EE64D2762BC936700077FAF6 /* Game1 */ = {
			isa = PBXGroup;
			children = (
				EE64D2772BC9367F0077FAF6 /* Game1View.swift */,
				EE64D27C2BC94A270077FAF6 /* Game1Scene.swift */,
			);
			path = Game1;
			sourceTree = "<group>";
		};
		EE64D2792BC936920077FAF6 /* BonusGame */ = {
			isa = PBXGroup;
			children = (
				EE64D27A2BC9369C0077FAF6 /* BonusGameView.swift */,
			);
			path = BonusGame;
			sourceTree = "<group>";
		};
		EEE619392BD13E1700D0FC9C /* Splash */ = {
			isa = PBXGroup;
			children = (
				EEE6193A2BD13E2300D0FC9C /* SplashView.swift */,
			);
			path = Splash;
			sourceTree = "<group>";
		};
		EEE6193C2BD1408900D0FC9C /* InfoGames */ = {
			isa = PBXGroup;
			children = (
				EEE6193D2BD1409A00D0FC9C /* InfoGamesView.swift */,
				EEE6193F2BD14F3500D0FC9C /* InfoRulesData.swift */,
			);
			path = InfoGames;
			sourceTree = "<group>";
		};
		EEE619412BD15D8000D0FC9C /* Game2 */ = {
			isa = PBXGroup;
			children = (
				EEE619422BD15D8A00D0FC9C /* Game2View.swift */,
			);
			path = Game2;
			sourceTree = "<group>";
		};
/* End PBXGroup section */

/* Begin PBXNativeTarget section */
		EE64D2512BC866580077FAF6 /* Big Win */ = {
			isa = PBXNativeTarget;
			buildConfigurationList = EE64D2602BC8665B0077FAF6 /* Build configuration list for PBXNativeTarget "Big Win" */;
			buildPhases = (
				EE64D24E2BC866580077FAF6 /* Sources */,
				EE64D24F2BC866580077FAF6 /* Frameworks */,
				EE64D2502BC866580077FAF6 /* Resources */,
			);
			buildRules = (
			);
			dependencies = (
			);
			name = "Big Win";
			packageProductDependencies = (
				EEE619452BD15F3D00D0FC9C /* AppsFlyerLib */,
				EEE619482BD15F4800D0FC9C /* SwiftyJSON */,
				EEE6194B2BD15F5400D0FC9C /* OneSignal */,
				EEE619542BD15F7800D0FC9C /* FacebookCore */,
			);
			productName = "Big Win";
			productReference = EE64D2522BC866580077FAF6 /* Big Win.app */;
			productType = "com.apple.product-type.application";
		};
/* End PBXNativeTarget section */

/* Begin PBXProject section */
		EE64D24A2BC866580077FAF6 /* Project object */ = {
			isa = PBXProject;
			attributes = {
				BuildIndependentTargetsInParallel = 1;
				LastSwiftUpdateCheck = 1510;
				LastUpgradeCheck = 1510;
				TargetAttributes = {
					EE64D2512BC866580077FAF6 = {
						CreatedOnToolsVersion = 15.1;
					};
				};
			};
			buildConfigurationList = EE64D24D2BC866580077FAF6 /* Build configuration list for PBXProject "Big Win" */;
			compatibilityVersion = "Xcode 14.0";
			developmentRegion = en;
			hasScannedForEncodings = 0;
			knownRegions = (
				en,
				Base,
			);
			mainGroup = EE64D2492BC866580077FAF6;
			packageReferences = (
				EEE619442BD15F3D00D0FC9C /* XCRemoteSwiftPackageReference "AppsFlyerFramework" */,
				EEE619472BD15F4800D0FC9C /* XCRemoteSwiftPackageReference "SwiftyJSON" */,
				EEE6194A2BD15F5400D0FC9C /* XCRemoteSwiftPackageReference "OneSignal-XCFramework" */,
				EEE6194F2BD15F7800D0FC9C /* XCRemoteSwiftPackageReference "facebook-ios-sdk" */,
			);
			productRefGroup = EE64D2532BC866580077FAF6 /* Products */;
			projectDirPath = "";
			projectRoot = "";
			targets = (
				EE64D2512BC866580077FAF6 /* Big Win */,
			);
		};
/* End PBXProject section */

/* Begin PBXResourcesBuildPhase section */
		EE64D2502BC866580077FAF6 /* Resources */ = {
			isa = PBXResourcesBuildPhase;
			buildActionMask = 2147483647;
			files = (
				EE64D25D2BC8665B0077FAF6 /* Preview Assets.xcassets in Resources */,
				EE64D26D2BC881A90077FAF6 /* lemonado.ttf in Resources */,
				EE64D25A2BC8665B0077FAF6 /* Assets.xcassets in Resources */,
			);
			runOnlyForDeploymentPostprocessing = 0;
		};
/* End PBXResourcesBuildPhase section */

/* Begin PBXSourcesBuildPhase section */
		EE64D24E2BC866580077FAF6 /* Sources */ = {
			isa = PBXSourcesBuildPhase;
			buildActionMask = 2147483647;
			files = (
				EEE619382BD12E3E00D0FC9C /* Game2Scene.swift in Sources */,
				EE64D27D2BC94A270077FAF6 /* Game1Scene.swift in Sources */,
				EE64D2782BC9367F0077FAF6 /* Game1View.swift in Sources */,
				EEE619402BD14F3500D0FC9C /* InfoRulesData.swift in Sources */,
				EE64D2752BC9340F0077FAF6 /* GamesMenu.swift in Sources */,
				EE64D2582BC866580077FAF6 /* ContentView.swift in Sources */,
				EEE6193B2BD13E2300D0FC9C /* SplashView.swift in Sources */,
				EE64D27B2BC9369C0077FAF6 /* BonusGameView.swift in Sources */,
				EE64D2722BC931D80077FAF6 /* GameLoseView.swift in Sources */,
				EE64D2672BC866D30077FAF6 /* Game3Scene.swift in Sources */,
				EE64D26B2BC86F5F0077FAF6 /* Game3View.swift in Sources */,
				EEE6195B2BD1641700D0FC9C /* GamesMenuN.swift in Sources */,
				EEE619432BD15D8A00D0FC9C /* Game2View.swift in Sources */,
				EE64D2702BC930260077FAF6 /* GameWinView.swift in Sources */,
				EEE6193E2BD1409A00D0FC9C /* InfoGamesView.swift in Sources */,
				EE64D2562BC866580077FAF6 /* Big_WinApp.swift in Sources */,
			);
			runOnlyForDeploymentPostprocessing = 0;
		};
/* End PBXSourcesBuildPhase section */

/* Begin XCBuildConfiguration section */
		EE64D25E2BC8665B0077FAF6 /* Debug */ = {
			isa = XCBuildConfiguration;
			buildSettings = {
				ALWAYS_SEARCH_USER_PATHS = NO;
				ASSETCATALOG_COMPILER_GENERATE_SWIFT_ASSET_SYMBOL_EXTENSIONS = YES;
				CLANG_ANALYZER_NONNULL = YES;
				CLANG_ANALYZER_NUMBER_OBJECT_CONVERSION = YES_AGGRESSIVE;
				CLANG_CXX_LANGUAGE_STANDARD = "gnu++20";
				CLANG_ENABLE_MODULES = YES;
				CLANG_ENABLE_OBJC_ARC = YES;
				CLANG_ENABLE_OBJC_WEAK = YES;
				CLANG_WARN_BLOCK_CAPTURE_AUTORELEASING = YES;
				CLANG_WARN_BOOL_CONVERSION = YES;
				CLANG_WARN_COMMA = YES;
				CLANG_WARN_CONSTANT_CONVERSION = YES;
				CLANG_WARN_DEPRECATED_OBJC_IMPLEMENTATIONS = YES;
				CLANG_WARN_DIRECT_OBJC_ISA_USAGE = YES_ERROR;
				CLANG_WARN_DOCUMENTATION_COMMENTS = YES;
				CLANG_WARN_EMPTY_BODY = YES;
				CLANG_WARN_ENUM_CONVERSION = YES;
				CLANG_WARN_INFINITE_RECURSION = YES;
				CLANG_WARN_INT_CONVERSION = YES;
				CLANG_WARN_NON_LITERAL_NULL_CONVERSION = YES;
				CLANG_WARN_OBJC_IMPLICIT_RETAIN_SELF = YES;
				CLANG_WARN_OBJC_LITERAL_CONVERSION = YES;
				CLANG_WARN_OBJC_ROOT_CLASS = YES_ERROR;
				CLANG_WARN_QUOTED_INCLUDE_IN_FRAMEWORK_HEADER = YES;
				CLANG_WARN_RANGE_LOOP_ANALYSIS = YES;
				CLANG_WARN_STRICT_PROTOTYPES = YES;
				CLANG_WARN_SUSPICIOUS_MOVE = YES;
				CLANG_WARN_UNGUARDED_AVAILABILITY = YES_AGGRESSIVE;
				CLANG_WARN_UNREACHABLE_CODE = YES;
				CLANG_WARN__DUPLICATE_METHOD_MATCH = YES;
				COPY_PHASE_STRIP = NO;
				DEBUG_INFORMATION_FORMAT = dwarf;
				ENABLE_STRICT_OBJC_MSGSEND = YES;
				ENABLE_TESTABILITY = YES;
				ENABLE_USER_SCRIPT_SANDBOXING = YES;
				GCC_C_LANGUAGE_STANDARD = gnu17;
				GCC_DYNAMIC_NO_PIC = NO;
				GCC_NO_COMMON_BLOCKS = YES;
				GCC_OPTIMIZATION_LEVEL = 0;
				GCC_PREPROCESSOR_DEFINITIONS = (
					"DEBUG=1",
					"$(inherited)",
				);
				GCC_WARN_64_TO_32_BIT_CONVERSION = YES;
				GCC_WARN_ABOUT_RETURN_TYPE = YES_ERROR;
				GCC_WARN_UNDECLARED_SELECTOR = YES;
				GCC_WARN_UNINITIALIZED_AUTOS = YES_AGGRESSIVE;
				GCC_WARN_UNUSED_FUNCTION = YES;
				GCC_WARN_UNUSED_VARIABLE = YES;
				IPHONEOS_DEPLOYMENT_TARGET = 17.2;
				LOCALIZATION_PREFERS_STRING_CATALOGS = YES;
				MTL_ENABLE_DEBUG_INFO = INCLUDE_SOURCE;
				MTL_FAST_MATH = YES;
				ONLY_ACTIVE_ARCH = YES;
				SDKROOT = iphoneos;
				SWIFT_ACTIVE_COMPILATION_CONDITIONS = "DEBUG $(inherited)";
				SWIFT_OPTIMIZATION_LEVEL = "-Onone";
			};
			name = Debug;
		};
		EE64D25F2BC8665B0077FAF6 /* Release */ = {
			isa = XCBuildConfiguration;
			buildSettings = {
				ALWAYS_SEARCH_USER_PATHS = NO;
				ASSETCATALOG_COMPILER_GENERATE_SWIFT_ASSET_SYMBOL_EXTENSIONS = YES;
				CLANG_ANALYZER_NONNULL = YES;
				CLANG_ANALYZER_NUMBER_OBJECT_CONVERSION = YES_AGGRESSIVE;
				CLANG_CXX_LANGUAGE_STANDARD = "gnu++20";
				CLANG_ENABLE_MODULES = YES;
				CLANG_ENABLE_OBJC_ARC = YES;
				CLANG_ENABLE_OBJC_WEAK = YES;
				CLANG_WARN_BLOCK_CAPTURE_AUTORELEASING = YES;
				CLANG_WARN_BOOL_CONVERSION = YES;
				CLANG_WARN_COMMA = YES;
				CLANG_WARN_CONSTANT_CONVERSION = YES;
				CLANG_WARN_DEPRECATED_OBJC_IMPLEMENTATIONS = YES;
				CLANG_WARN_DIRECT_OBJC_ISA_USAGE = YES_ERROR;
				CLANG_WARN_DOCUMENTATION_COMMENTS = YES;
				CLANG_WARN_EMPTY_BODY = YES;
				CLANG_WARN_ENUM_CONVERSION = YES;
				CLANG_WARN_INFINITE_RECURSION = YES;
				CLANG_WARN_INT_CONVERSION = YES;
				CLANG_WARN_NON_LITERAL_NULL_CONVERSION = YES;
				CLANG_WARN_OBJC_IMPLICIT_RETAIN_SELF = YES;
				CLANG_WARN_OBJC_LITERAL_CONVERSION = YES;
				CLANG_WARN_OBJC_ROOT_CLASS = YES_ERROR;
				CLANG_WARN_QUOTED_INCLUDE_IN_FRAMEWORK_HEADER = YES;
				CLANG_WARN_RANGE_LOOP_ANALYSIS = YES;
				CLANG_WARN_STRICT_PROTOTYPES = YES;
				CLANG_WARN_SUSPICIOUS_MOVE = YES;
				CLANG_WARN_UNGUARDED_AVAILABILITY = YES_AGGRESSIVE;
				CLANG_WARN_UNREACHABLE_CODE = YES;
				CLANG_WARN__DUPLICATE_METHOD_MATCH = YES;
				COPY_PHASE_STRIP = NO;
				DEBUG_INFORMATION_FORMAT = "dwarf-with-dsym";
				ENABLE_NS_ASSERTIONS = NO;
				ENABLE_STRICT_OBJC_MSGSEND = YES;
				ENABLE_USER_SCRIPT_SANDBOXING = YES;
				GCC_C_LANGUAGE_STANDARD = gnu17;
				GCC_NO_COMMON_BLOCKS = YES;
				GCC_WARN_64_TO_32_BIT_CONVERSION = YES;
				GCC_WARN_ABOUT_RETURN_TYPE = YES_ERROR;
				GCC_WARN_UNDECLARED_SELECTOR = YES;
				GCC_WARN_UNINITIALIZED_AUTOS = YES_AGGRESSIVE;
				GCC_WARN_UNUSED_FUNCTION = YES;
				GCC_WARN_UNUSED_VARIABLE = YES;
				IPHONEOS_DEPLOYMENT_TARGET = 17.2;
				LOCALIZATION_PREFERS_STRING_CATALOGS = YES;
				MTL_ENABLE_DEBUG_INFO = NO;
				MTL_FAST_MATH = YES;
				SDKROOT = iphoneos;
				SWIFT_COMPILATION_MODE = wholemodule;
				VALIDATE_PRODUCT = YES;
			};
			name = Release;
		};
		EE64D2612BC8665B0077FAF6 /* Debug */ = {
			isa = XCBuildConfiguration;
			buildSettings = {
				ASSETCATALOG_COMPILER_APPICON_NAME = AppIcon;
				ASSETCATALOG_COMPILER_GLOBAL_ACCENT_COLOR_NAME = AccentColor;
				CODE_SIGN_STYLE = Automatic;
				CURRENT_PROJECT_VERSION = 1;
				DEVELOPMENT_ASSET_PATHS = "\"Big Win/Preview Content\"";
				DEVELOPMENT_TEAM = 4RSA42DBKQ;
				ENABLE_PREVIEWS = YES;
				GENERATE_INFOPLIST_FILE = YES;
				INFOPLIST_FILE = "Big-Win-Info.plist";
				INFOPLIST_KEY_UIApplicationSceneManifest_Generation = YES;
				INFOPLIST_KEY_UIApplicationSupportsIndirectInputEvents = YES;
				INFOPLIST_KEY_UILaunchScreen_Generation = YES;
				INFOPLIST_KEY_UISupportedInterfaceOrientations_iPad = "UIInterfaceOrientationPortrait UIInterfaceOrientationPortraitUpsideDown UIInterfaceOrientationLandscapeLeft UIInterfaceOrientationLandscapeRight";
				INFOPLIST_KEY_UISupportedInterfaceOrientations_iPhone = "UIInterfaceOrientationPortrait UIInterfaceOrientationLandscapeLeft UIInterfaceOrientationLandscapeRight";
				IPHONEOS_DEPLOYMENT_TARGET = 14.0;
				LD_RUNPATH_SEARCH_PATHS = (
					"$(inherited)",
					"@executable_path/Frameworks",
				);
				MARKETING_VERSION = 1.0;
				PRODUCT_BUNDLE_IDENTIFIER = "com.gamebig.Big-Win";
				PRODUCT_NAME = "$(TARGET_NAME)";
				SUPPORTED_PLATFORMS = "iphoneos iphonesimulator";
				SUPPORTS_MACCATALYST = NO;
				SUPPORTS_MAC_DESIGNED_FOR_IPHONE_IPAD = NO;
				SWIFT_EMIT_LOC_STRINGS = YES;
				SWIFT_VERSION = 5.0;
				TARGETED_DEVICE_FAMILY = "1,2";
			};
			name = Debug;
		};
		EE64D2622BC8665B0077FAF6 /* Release */ = {
			isa = XCBuildConfiguration;
			buildSettings = {
				ASSETCATALOG_COMPILER_APPICON_NAME = AppIcon;
				ASSETCATALOG_COMPILER_GLOBAL_ACCENT_COLOR_NAME = AccentColor;
				CODE_SIGN_STYLE = Automatic;
				CURRENT_PROJECT_VERSION = 1;
				DEVELOPMENT_ASSET_PATHS = "\"Big Win/Preview Content\"";
				DEVELOPMENT_TEAM = 4RSA42DBKQ;
				ENABLE_PREVIEWS = YES;
				GENERATE_INFOPLIST_FILE = YES;
				INFOPLIST_FILE = "Big-Win-Info.plist";
				INFOPLIST_KEY_UIApplicationSceneManifest_Generation = YES;
				INFOPLIST_KEY_UIApplicationSupportsIndirectInputEvents = YES;
				INFOPLIST_KEY_UILaunchScreen_Generation = YES;
				INFOPLIST_KEY_UISupportedInterfaceOrientations_iPad = "UIInterfaceOrientationPortrait UIInterfaceOrientationPortraitUpsideDown UIInterfaceOrientationLandscapeLeft UIInterfaceOrientationLandscapeRight";
				INFOPLIST_KEY_UISupportedInterfaceOrientations_iPhone = "UIInterfaceOrientationPortrait UIInterfaceOrientationLandscapeLeft UIInterfaceOrientationLandscapeRight";
				IPHONEOS_DEPLOYMENT_TARGET = 14.0;
				LD_RUNPATH_SEARCH_PATHS = (
					"$(inherited)",
					"@executable_path/Frameworks",
				);
				MARKETING_VERSION = 1.0;
				PRODUCT_BUNDLE_IDENTIFIER = "com.gamebig.Big-Win";
				PRODUCT_NAME = "$(TARGET_NAME)";
				SUPPORTED_PLATFORMS = "iphoneos iphonesimulator";
				SUPPORTS_MACCATALYST = NO;
				SUPPORTS_MAC_DESIGNED_FOR_IPHONE_IPAD = NO;
				SWIFT_EMIT_LOC_STRINGS = YES;
				SWIFT_VERSION = 5.0;
				TARGETED_DEVICE_FAMILY = "1,2";
			};
			name = Release;
		};
/* End XCBuildConfiguration section */

/* Begin XCConfigurationList section */
		EE64D24D2BC866580077FAF6 /* Build configuration list for PBXProject "Big Win" */ = {
			isa = XCConfigurationList;
			buildConfigurations = (
				EE64D25E2BC8665B0077FAF6 /* Debug */,
				EE64D25F2BC8665B0077FAF6 /* Release */,
			);
			defaultConfigurationIsVisible = 0;
			defaultConfigurationName = Release;
		};
		EE64D2602BC8665B0077FAF6 /* Build configuration list for PBXNativeTarget "Big Win" */ = {
			isa = XCConfigurationList;
			buildConfigurations = (
				EE64D2612BC8665B0077FAF6 /* Debug */,
				EE64D2622BC8665B0077FAF6 /* Release */,
			);
			defaultConfigurationIsVisible = 0;
			defaultConfigurationName = Release;
		};
/* End XCConfigurationList section */

/* Begin XCRemoteSwiftPackageReference section */
		EEE619442BD15F3D00D0FC9C /* XCRemoteSwiftPackageReference "AppsFlyerFramework" */ = {
			isa = XCRemoteSwiftPackageReference;
			repositoryURL = "https://github.com/AppsFlyerSDK/AppsFlyerFramework";
			requirement = {
				kind = exactVersion;
				version = 6.13.1;
			};
		};
		EEE619472BD15F4800D0FC9C /* XCRemoteSwiftPackageReference "SwiftyJSON" */ = {
			isa = XCRemoteSwiftPackageReference;
			repositoryURL = "https://github.com/SwiftyJSON/SwiftyJSON.git";
			requirement = {
				kind = upToNextMajorVersion;
				minimumVersion = 5.0.2;
			};
		};
		EEE6194A2BD15F5400D0FC9C /* XCRemoteSwiftPackageReference "OneSignal-XCFramework" */ = {
			isa = XCRemoteSwiftPackageReference;
			repositoryURL = "https://github.com/OneSignal/OneSignal-XCFramework";
			requirement = {
				kind = upToNextMajorVersion;
				minimumVersion = 3.0.0;
			};
		};
		EEE6194F2BD15F7800D0FC9C /* XCRemoteSwiftPackageReference "facebook-ios-sdk" */ = {
			isa = XCRemoteSwiftPackageReference;
			repositoryURL = "https://github.com/facebook/facebook-ios-sdk.git";
			requirement = {
				kind = upToNextMajorVersion;
				minimumVersion = 14.1.0;
			};
		};
/* End XCRemoteSwiftPackageReference section */

/* Begin XCSwiftPackageProductDependency section */
		EEE619452BD15F3D00D0FC9C /* AppsFlyerLib */ = {
			isa = XCSwiftPackageProductDependency;
			package = EEE619442BD15F3D00D0FC9C /* XCRemoteSwiftPackageReference "AppsFlyerFramework" */;
			productName = AppsFlyerLib;
		};
		EEE619482BD15F4800D0FC9C /* SwiftyJSON */ = {
			isa = XCSwiftPackageProductDependency;
			package = EEE619472BD15F4800D0FC9C /* XCRemoteSwiftPackageReference "SwiftyJSON" */;
			productName = SwiftyJSON;
		};
		EEE6194B2BD15F5400D0FC9C /* OneSignal */ = {
			isa = XCSwiftPackageProductDependency;
			package = EEE6194A2BD15F5400D0FC9C /* XCRemoteSwiftPackageReference "OneSignal-XCFramework" */;
			productName = OneSignal;
		};
		EEE619542BD15F7800D0FC9C /* FacebookCore */ = {
			isa = XCSwiftPackageProductDependency;
			package = EEE6194F2BD15F7800D0FC9C /* XCRemoteSwiftPackageReference "facebook-ios-sdk" */;
			productName = FacebookCore;
		};
/* End XCSwiftPackageProductDependency section */
	};
	rootObject = EE64D24A2BC866580077FAF6 /* Project object */;
}
